{
  "name": "polycrab",
  "version": "1.0.0",
  "lockfileVersion": 2,
  "requires": true,
  "packages": {
    "": {
      "version": "1.0.0",
      "license": "ISC",
      "dependencies": {
        "@openzeppelin/contracts": "^3.1.0",
        "@openzeppelin/contracts-upgradeable": "^3.2.0"
      }
    },
    "node_modules/@openzeppelin/contracts": {
      "version": "3.1.0",
      "resolved": "https://registry.npmjs.org/@openzeppelin/contracts/-/contracts-3.1.0.tgz",
      "integrity": "sha512-dVXDnUKxrAKLzPdCRkz+N8qsVkK1XxJ6kk3zuI6zaQmcKxN7CkizoDP7lXxcs/Mi2I0mxceTRjJBqlzFffLJrQ=="
    },
    "node_modules/@openzeppelin/contracts-upgradeable": {
      "version": "3.2.0",
      "resolved": "https://registry.npmjs.org/@openzeppelin/contracts-upgradeable/-/contracts-upgradeable-3.2.0.tgz",
      "integrity": "sha512-f2q4FjT84ixIl8MUo9WbCMSBtV9T52c8QbrCfzoCBbDwEuVjf9jnvm1JETAWSC9Q9oLcUXpRFBMavb1B23tx1g=="
    }
  },
  "dependencies": {
    "@openzeppelin/contracts": {
      "version": "3.1.0",
      "resolved": "https://registry.npmjs.org/@openzeppelin/contracts/-/contracts-3.1.0.tgz",
      "integrity": "sha512-dVXDnUKxrAKLzPdCRkz+N8qsVkK1XxJ6kk3zuI6zaQmcKxN7CkizoDP7lXxcs/Mi2I0mxceTRjJBqlzFffLJrQ=="
    },
    "@openzeppelin/contracts-upgradeable": {
      "version": "3.2.0",
      "resolved": "https://registry.npmjs.org/@openzeppelin/contracts-upgradeable/-/contracts-upgradeable-3.2.0.tgz",
      "integrity": "sha512-f2q4FjT84ixIl8MUo9WbCMSBtV9T52c8QbrCfzoCBbDwEuVjf9jnvm1JETAWSC9Q9oLcUXpRFBMavb1B23tx1g=="
    }
  }
}
